
Microsoft Visual Studio Solution File, Format Version 12.00
# Visual Studio Version 17
VisualStudioVersion = 17.11.35208.52
MinimumVisualStudioVersion = 10.0.40219.1
Project("{FAE04EC0-301F-11D3-BF4B-00C04F79EFBC}") = "bai19.9", "bai19.9\bai19.9.csproj", "{108085C9-6AC2-4A22-8B86-DF696A7D1154}"
EndProject
Global
	GlobalSection(SolutionConfigurationPlatforms) = preSolution
		Debug|Any CPU = Debug|Any CPU
		Release|Any CPU = Release|Any CPU
	EndGlobalSection
	GlobalSection(ProjectConfigurationPlatforms) = postSolution
		{108085C9-6AC2-4A22-8B86-DF696A7D1154}.Debug|Any CPU.ActiveCfg = Debug|Any CPU
		{108085C9-6AC2-4A22-8B86-DF696A7D1154}.Debug|Any CPU.Build.0 = Debug|Any CPU
		{108085C9-6AC2-4A22-8B86-DF696A7D1154}.Release|Any CPU.ActiveCfg = Release|Any CPU
		{108085C9-6AC2-4A22-8B86-DF696A7D1154}.Release|Any CPU.Build.0 = Release|Any CPU
	EndGlobalSection
	GlobalSection(SolutionProperties) = preSolution
		HideSolutionNode = FALSE
	EndGlobalSection
	GlobalSection(ExtensibilityGlobals) = postSolution
		SolutionGuid = {947E6DAA-9427-4F11-BE70-C54684F56122}
	EndGlobalSection
EndGlobal
